{
  "pins" : [
    {
      "identity" : "corepersistence",
      "kind" : "remoteSourceControl",
      "location" : "https://github.com/vmanot/CorePersistence.git",
      "state" : {
        "branch" : "main",
        "revision" : "a3bfd45386b4f6e68d98ed0384aeb24dc2c6f68c"
      }
    },
    {
      "identity" : "expansions",
      "kind" : "remoteSourceControl",
      "location" : "https://github.com/vmanot/Expansions.git",
      "state" : {
        "branch" : "main",
        "revision" : "e6999b5cbb64b96f82e9f84b6c7530c25e68fd9a"
      }
    },
    {
      "identity" : "merge",
      "kind" : "remoteSourceControl",
      "location" : "https://github.com/vmanot/Merge.git",
      "state" : {
        "branch" : "master",
        "revision" : "c271353a9e89cc87f912afd1fd89fd8eb411b026"
      }
    },
    {
      "identity" : "swallow",
      "kind" : "remoteSourceControl",
      "location" : "https://github.com/vmanot/Swallow.git",
      "state" : {
        "branch" : "master",
        "revision" : "36de30d9156dc1088a5a5598c8147ee41b4323fa"
      }
    },
    {
      "identity" : "swift-async-algorithms",
      "kind" : "remoteSourceControl",
      "location" : "https://github.com/apple/swift-async-algorithms",
      "state" : {
        "revision" : "cb417003f962f9de3fc7852c1b735a1f1152a89a",
        "version" : "1.0.0-beta.1"
      }
    },
    {
      "identity" : "swift-collections",
      "kind" : "remoteSourceControl",
      "location" : "https://github.com/apple/swift-collections",
      "state" : {
        "branch" : "release/1.1",
        "revision" : "5fab05b1ea1d65f3057dd8caa3d819eb18984022"
      }
    },
    {
      "identity" : "swift-syntax",
      "kind" : "remoteSourceControl",
      "location" : "https://github.com/apple/swift-syntax",
      "state" : {
        "revision" : "6ad4ea24b01559dde0773e3d091f1b9e36175036",
        "version" : "509.0.2"
      }
    },
    {
      "identity" : "swiftuix",
      "kind" : "remoteSourceControl",
      "location" : "https://github.com/SwiftUIX/SwiftUIX.git",
      "state" : {
        "branch" : "master",
        "revision" : "35b60c8e709987c73ee6798aefcfc91ea390d5f6"
      }
    }
  ],
  "version" : 2
}
